
Microsoft Visual Studio Solution File, Format Version 12.00
# Visual Studio Version 16
VisualStudioVersion = 16.0.30503.244
MinimumVisualStudioVersion = 10.0.40219.1
Project("{FAE04EC0-301F-11D3-BF4B-00C04F79EFBC}") = "BookStore-API", "BookStore-API\BookStore-API.csproj", "{DB19B34E-2DE3-40AF-A08B-B2BAC3C4DB38}"
EndProject
Global
	GlobalSection(SolutionConfigurationPlatforms) = preSolution
		Debug|Any CPU = Debug|Any CPU
		Release|Any CPU = Release|Any CPU
	EndGlobalSection
	GlobalSection(ProjectConfigurationPlatforms) = postSolution
		{DB19B34E-2DE3-40AF-A08B-B2BAC3C4DB38}.Debug|Any CPU.ActiveCfg = Debug|Any CPU
		{DB19B34E-2DE3-40AF-A08B-B2BAC3C4DB38}.Debug|Any CPU.Build.0 = Debug|Any CPU
		{DB19B34E-2DE3-40AF-A08B-B2BAC3C4DB38}.Release|Any CPU.ActiveCfg = Release|Any CPU
		{DB19B34E-2DE3-40AF-A08B-B2BAC3C4DB38}.Release|Any CPU.Build.0 = Release|Any CPU
	EndGlobalSection
	GlobalSection(SolutionProperties) = preSolution
		HideSolutionNode = FALSE
	EndGlobalSection
	GlobalSection(ExtensibilityGlobals) = postSolution
		SolutionGuid = {920B3BC8-6934-4FC4-A688-944AE7E7D299}
	EndGlobalSection
EndGlobal
